
Microsoft Visual Studio Solution File, Format Version 12.00
# Visual Studio 15
VisualStudioVersion = 15.0.27428.2005
MinimumVisualStudioVersion = 10.0.40219.1
Project("{8BC9CEB8-8B4A-11D0-8D11-00A0C91BC942}") = "miniSQL", "miniSQL\miniSQL.vcxproj", "{C00899DC-4DBC-48F5-9C14-456AD64A3B05}"
EndProject
Global
	GlobalSection(SolutionConfigurationPlatforms) = preSolution
		Debug|x64 = Debug|x64
		Debug|x86 = Debug|x86
		Release|x64 = Release|x64
		Release|x86 = Release|x86
	EndGlobalSection
	GlobalSection(ProjectConfigurationPlatforms) = postSolution
		{C00899DC-4DBC-48F5-9C14-456AD64A3B05}.Debug|x64.ActiveCfg = Debug|x64
		{C00899DC-4DBC-48F5-9C14-456AD64A3B05}.Debug|x64.Build.0 = Debug|x64
		{C00899DC-4DBC-48F5-9C14-456AD64A3B05}.Debug|x86.ActiveCfg = Debug|Win32
		{C00899DC-4DBC-48F5-9C14-456AD64A3B05}.Debug|x86.Build.0 = Debug|Win32
		{C00899DC-4DBC-48F5-9C14-456AD64A3B05}.Release|x64.ActiveCfg = Release|x64
		{C00899DC-4DBC-48F5-9C14-456AD64A3B05}.Release|x64.Build.0 = Release|x64
		{C00899DC-4DBC-48F5-9C14-456AD64A3B05}.Release|x86.ActiveCfg = Release|Win32
		{C00899DC-4DBC-48F5-9C14-456AD64A3B05}.Release|x86.Build.0 = Release|Win32
	EndGlobalSection
	GlobalSection(SolutionProperties) = preSolution
		HideSolutionNode = FALSE
	EndGlobalSection
	GlobalSection(ExtensibilityGlobals) = postSolution
		SolutionGuid = {6D1566B1-CB0A-42DC-90A6-A8E0925B5E70}
	EndGlobalSection
EndGlobal
